// !$*UTF8*$!
{
	archiveVersion = 1;
	classes = {
	};
	objectVersion = 46;
	objects = {

/* Begin PBXBuildFile section */
		903EA9161C3888B70086BBF4 /* Charts.framework in Frameworks */ = {isa = PBXBuildFile; fileRef = 903EA9111C38889B0086BBF4 /* Charts.framework */; };
		903EA9171C3888B70086BBF4 /* Charts.framework in Embed Frameworks */ = {isa = PBXBuildFile; fileRef = 903EA9111C38889B0086BBF4 /* Charts.framework */; settings = {ATTRIBUTES = (CodeSignOnCopy, RemoveHeadersOnCopy, ); }; };
		903EA91C1C388AD70086BBF4 /* MonthBarChartViewController.swift in Sources */ = {isa = PBXBuildFile; fileRef = 903EA91B1C388AD70086BBF4 /* MonthBarChartViewController.swift */; };
		903EA91E1C3C11090086BBF4 /* SeverityPieChartViewController.swift in Sources */ = {isa = PBXBuildFile; fileRef = 903EA91D1C3C11090086BBF4 /* SeverityPieChartViewController.swift */; };
		90A8F62A1BF2B15D00356B56 /* AppDelegate.swift in Sources */ = {isa = PBXBuildFile; fileRef = 90A8F6291BF2B15D00356B56 /* AppDelegate.swift */; };
		90A8F62F1BF2B15D00356B56 /* Main.storyboard in Resources */ = {isa = PBXBuildFile; fileRef = 90A8F62D1BF2B15D00356B56 /* Main.storyboard */; };
		90A8F6311BF2B15D00356B56 /* Assets.xcassets in Resources */ = {isa = PBXBuildFile; fileRef = 90A8F6301BF2B15D00356B56 /* Assets.xcassets */; };
		90A8F6341BF2B15D00356B56 /* LaunchScreen.storyboard in Resources */ = {isa = PBXBuildFile; fileRef = 90A8F6321BF2B15D00356B56 /* LaunchScreen.storyboard */; };
		90A8F63C1BF2BCCC00356B56 /* HeadacheTableViewController.swift in Sources */ = {isa = PBXBuildFile; fileRef = 90A8F63B1BF2BCCC00356B56 /* HeadacheTableViewController.swift */; };
		90A8F63E1BF2D59B00356B56 /* Headache.swift in Sources */ = {isa = PBXBuildFile; fileRef = 90A8F63D1BF2D59B00356B56 /* Headache.swift */; };
		90A8F6401BF2E0AE00356B56 /* HeadacheDetailTableViewController.swift in Sources */ = {isa = PBXBuildFile; fileRef = 90A8F63F1BF2E0AE00356B56 /* HeadacheDetailTableViewController.swift */; };
		90A8F6441BF3FEB900356B56 /* DataModel.swift in Sources */ = {isa = PBXBuildFile; fileRef = 90A8F6431BF3FEB900356B56 /* DataModel.swift */; };
		90A8F6461BF44B7D00356B56 /* HeadacheTabBarController.swift in Sources */ = {isa = PBXBuildFile; fileRef = 90A8F6451BF44B7D00356B56 /* HeadacheTabBarController.swift */; };
		90D5D6491BF667520005B7D1 /* Week.swift in Sources */ = {isa = PBXBuildFile; fileRef = 90D5D6481BF667520005B7D1 /* Week.swift */; };
		90D5D64B1BF6675A0005B7D1 /* Year.swift in Sources */ = {isa = PBXBuildFile; fileRef = 90D5D64A1BF6675A0005B7D1 /* Year.swift */; };
		90D5D64F1BF7BC370005B7D1 /* Month.swift in Sources */ = {isa = PBXBuildFile; fileRef = 90D5D64E1BF7BC370005B7D1 /* Month.swift */; };
/* End PBXBuildFile section */

/* Begin PBXContainerItemProxy section */
		903EA9101C38889B0086BBF4 /* PBXContainerItemProxy */ = {
			isa = PBXContainerItemProxy;
			containerPortal = 903EA90A1C38889A0086BBF4 /* Charts.xcodeproj */;
			proxyType = 2;
			remoteGlobalIDString = 5BA8EC401A9D14DC00CE82E1;
			remoteInfo = "Charts-iOS";
		};
		903EA9121C38889B0086BBF4 /* PBXContainerItemProxy */ = {
			isa = PBXContainerItemProxy;
			containerPortal = 903EA90A1C38889A0086BBF4 /* Charts.xcodeproj */;
			proxyType = 2;
			remoteGlobalIDString = A52C5C371BAC5CA400594CDD;
			remoteInfo = "Charts-TV";
		};
		903EA9141C38889B0086BBF4 /* PBXContainerItemProxy */ = {
			isa = PBXContainerItemProxy;
			containerPortal = 903EA90A1C38889A0086BBF4 /* Charts.xcodeproj */;
			proxyType = 2;
			remoteGlobalIDString = 06AEE7A21BDC3F8B009875AE;
			remoteInfo = ChartsTests;
		};
		903EA9181C3888B70086BBF4 /* PBXContainerItemProxy */ = {
			isa = PBXContainerItemProxy;
			containerPortal = 903EA90A1C38889A0086BBF4 /* Charts.xcodeproj */;
			proxyType = 1;
			remoteGlobalIDString = 5BA8EC3F1A9D14DC00CE82E1;
			remoteInfo = "Charts-iOS";
		};
/* End PBXContainerItemProxy section */

/* Begin PBXCopyFilesBuildPhase section */
		903EA91A1C3888B70086BBF4 /* Embed Frameworks */ = {
			isa = PBXCopyFilesBuildPhase;
			buildActionMask = 2147483647;
			dstPath = "";
			dstSubfolderSpec = 10;
			files = (
				903EA9171C3888B70086BBF4 /* Charts.framework in Embed Frameworks */,
			);
			name = "Embed Frameworks";
			runOnlyForDeploymentPostprocessing = 0;
		};
/* End PBXCopyFilesBuildPhase section */

/* Begin PBXFileReference section */
		903EA90A1C38889A0086BBF4 /* Charts.xcodeproj */ = {isa = PBXFileReference; lastKnownFileType = "wrapper.pb-project"; name = Charts.xcodeproj; path = Charts/Charts.xcodeproj; sourceTree = "<group>"; };
		903EA91B1C388AD70086BBF4 /* MonthBarChartViewController.swift */ = {isa = PBXFileReference; fileEncoding = 4; lastKnownFileType = sourcecode.swift; path = MonthBarChartViewController.swift; sourceTree = "<group>"; };
		903EA91D1C3C11090086BBF4 /* SeverityPieChartViewController.swift */ = {isa = PBXFileReference; fileEncoding = 4; lastKnownFileType = sourcecode.swift; path = SeverityPieChartViewController.swift; sourceTree = "<group>"; };
		903EA9221C3D96080086BBF4 /* HeadacheTracker.entitlements */ = {isa = PBXFileReference; lastKnownFileType = text.xml; path = HeadacheTracker.entitlements; sourceTree = "<group>"; };
		90A8F6261BF2B15D00356B56 /* HeadacheTracker.app */ = {isa = PBXFileReference; explicitFileType = wrapper.application; includeInIndex = 0; path = HeadacheTracker.app; sourceTree = BUILT_PRODUCTS_DIR; };
		90A8F6291BF2B15D00356B56 /* AppDelegate.swift */ = {isa = PBXFileReference; lastKnownFileType = sourcecode.swift; path = AppDelegate.swift; sourceTree = "<group>"; };
		90A8F62E1BF2B15D00356B56 /* Base */ = {isa = PBXFileReference; lastKnownFileType = file.storyboard; name = Base; path = Base.lproj/Main.storyboard; sourceTree = "<group>"; };
		90A8F6301BF2B15D00356B56 /* Assets.xcassets */ = {isa = PBXFileReference; lastKnownFileType = folder.assetcatalog; path = Assets.xcassets; sourceTree = "<group>"; };
		90A8F6331BF2B15D00356B56 /* Base */ = {isa = PBXFileReference; lastKnownFileType = file.storyboard; name = Base; path = Base.lproj/LaunchScreen.storyboard; sourceTree = "<group>"; };
		90A8F6351BF2B15D00356B56 /* Info.plist */ = {isa = PBXFileReference; lastKnownFileType = text.plist.xml; path = Info.plist; sourceTree = "<group>"; };
		90A8F63B1BF2BCCC00356B56 /* HeadacheTableViewController.swift */ = {isa = PBXFileReference; fileEncoding = 4; lastKnownFileType = sourcecode.swift; path = HeadacheTableViewController.swift; sourceTree = "<group>"; };
		90A8F63D1BF2D59B00356B56 /* Headache.swift */ = {isa = PBXFileReference; fileEncoding = 4; lastKnownFileType = sourcecode.swift; path = Headache.swift; sourceTree = "<group>"; };
		90A8F63F1BF2E0AE00356B56 /* HeadacheDetailTableViewController.swift */ = {isa = PBXFileReference; fileEncoding = 4; lastKnownFileType = sourcecode.swift; path = HeadacheDetailTableViewController.swift; sourceTree = "<group>"; };
		90A8F6431BF3FEB900356B56 /* DataModel.swift */ = {isa = PBXFileReference; fileEncoding = 4; lastKnownFileType = sourcecode.swift; path = DataModel.swift; sourceTree = "<group>"; };
		90A8F6451BF44B7D00356B56 /* HeadacheTabBarController.swift */ = {isa = PBXFileReference; fileEncoding = 4; lastKnownFileType = sourcecode.swift; path = HeadacheTabBarController.swift; sourceTree = "<group>"; };
		90D5D6481BF667520005B7D1 /* Week.swift */ = {isa = PBXFileReference; fileEncoding = 4; lastKnownFileType = sourcecode.swift; path = Week.swift; sourceTree = "<group>"; };
		90D5D64A1BF6675A0005B7D1 /* Year.swift */ = {isa = PBXFileReference; fileEncoding = 4; lastKnownFileType = sourcecode.swift; path = Year.swift; sourceTree = "<group>"; };
		90D5D64E1BF7BC370005B7D1 /* Month.swift */ = {isa = PBXFileReference; fileEncoding = 4; lastKnownFileType = sourcecode.swift; path = Month.swift; sourceTree = "<group>"; };
/* End PBXFileReference section */

/* Begin PBXFrameworksBuildPhase section */
		90A8F6231BF2B15D00356B56 /* Frameworks */ = {
			isa = PBXFrameworksBuildPhase;
			buildActionMask = 2147483647;
			files = (
				903EA9161C3888B70086BBF4 /* Charts.framework in Frameworks */,
			);
			runOnlyForDeploymentPostprocessing = 0;
		};
/* End PBXFrameworksBuildPhase section */

/* Begin PBXGroup section */
		903EA90B1C38889A0086BBF4 /* Products */ = {
			isa = PBXGroup;
			children = (
				903EA9111C38889B0086BBF4 /* Charts.framework */,
				903EA9131C38889B0086BBF4 /* Charts.framework */,
				903EA9151C38889B0086BBF4 /* ChartsTests.xctest */,
			);
			name = Products;
			sourceTree = "<group>";
		};
		90A8F61D1BF2B15D00356B56 = {
			isa = PBXGroup;
			children = (
				903EA90A1C38889A0086BBF4 /* Charts.xcodeproj */,
				90A8F6281BF2B15D00356B56 /* HeadacheTracker */,
				90A8F6271BF2B15D00356B56 /* Products */,
			);
			sourceTree = "<group>";
		};
		90A8F6271BF2B15D00356B56 /* Products */ = {
			isa = PBXGroup;
			children = (
				90A8F6261BF2B15D00356B56 /* HeadacheTracker.app */,
			);
			name = Products;
			sourceTree = "<group>";
		};
		90A8F6281BF2B15D00356B56 /* HeadacheTracker */ = {
			isa = PBXGroup;
			children = (
				903EA9221C3D96080086BBF4 /* HeadacheTracker.entitlements */,
				90A8F62D1BF2B15D00356B56 /* Main.storyboard */,
				90A8F6451BF44B7D00356B56 /* HeadacheTabBarController.swift */,
				90A8F63B1BF2BCCC00356B56 /* HeadacheTableViewController.swift */,
				90A8F63F1BF2E0AE00356B56 /* HeadacheDetailTableViewController.swift */,
				903EA91B1C388AD70086BBF4 /* MonthBarChartViewController.swift */,
				903EA91D1C3C11090086BBF4 /* SeverityPieChartViewController.swift */,
				90A8F63D1BF2D59B00356B56 /* Headache.swift */,
				90D5D6481BF667520005B7D1 /* Week.swift */,
				90D5D64E1BF7BC370005B7D1 /* Month.swift */,
				90D5D64A1BF6675A0005B7D1 /* Year.swift */,
				90A8F6431BF3FEB900356B56 /* DataModel.swift */,
				90A8F6291BF2B15D00356B56 /* AppDelegate.swift */,
				90A8F6301BF2B15D00356B56 /* Assets.xcassets */,
				90A8F6321BF2B15D00356B56 /* LaunchScreen.storyboard */,
				90A8F6351BF2B15D00356B56 /* Info.plist */,
			);
			path = HeadacheTracker;
			sourceTree = "<group>";
		};
/* End PBXGroup section */

/* Begin PBXNativeTarget section */
		90A8F6251BF2B15D00356B56 /* HeadacheTracker */ = {
			isa = PBXNativeTarget;
			buildConfigurationList = 90A8F6381BF2B15D00356B56 /* Build configuration list for PBXNativeTarget "HeadacheTracker" */;
			buildPhases = (
				90A8F6221BF2B15D00356B56 /* Sources */,
				90A8F6231BF2B15D00356B56 /* Frameworks */,
				90A8F6241BF2B15D00356B56 /* Resources */,
				903EA91A1C3888B70086BBF4 /* Embed Frameworks */,
			);
			buildRules = (
			);
			dependencies = (
				903EA9191C3888B70086BBF4 /* PBXTargetDependency */,
			);
			name = HeadacheTracker;
			productName = HeadacheTracker;
			productReference = 90A8F6261BF2B15D00356B56 /* HeadacheTracker.app */;
			productType = "com.apple.product-type.application";
		};
/* End PBXNativeTarget section */

/* Begin PBXProject section */
		90A8F61E1BF2B15D00356B56 /* Project object */ = {
			isa = PBXProject;
			attributes = {
				LastSwiftUpdateCheck = 0710;
				LastUpgradeCheck = 0710;
				ORGANIZATIONNAME = "Morgan Davison";
				TargetAttributes = {
					90A8F6251BF2B15D00356B56 = {
						CreatedOnToolsVersion = 7.1;
						DevelopmentTeam = 2TEP68NZCD;
						SystemCapabilities = {
							com.apple.iCloud = {
								enabled = 0;
							};
						};
					};
				};
			};
			buildConfigurationList = 90A8F6211BF2B15D00356B56 /* Build configuration list for PBXProject "HeadacheTracker" */;
			compatibilityVersion = "Xcode 3.2";
			developmentRegion = English;
			hasScannedForEncodings = 0;
			knownRegions = (
				en,
				Base,
			);
			mainGroup = 90A8F61D1BF2B15D00356B56;
			productRefGroup = 90A8F6271BF2B15D00356B56 /* Products */;
			projectDirPath = "";
			projectReferences = (
				{
					ProductGroup = 903EA90B1C38889A0086BBF4 /* Products */;
					ProjectRef = 903EA90A1C38889A0086BBF4 /* Charts.xcodeproj */;
				},
			);
			projectRoot = "";
			targets = (
				90A8F6251BF2B15D00356B56 /* HeadacheTracker */,
			);
		};
/* End PBXProject section */

/* Begin PBXReferenceProxy section */
		903EA9111C38889B0086BBF4 /* Charts.framework */ = {
			isa = PBXReferenceProxy;
			fileType = wrapper.framework;
			path = Charts.framework;
			remoteRef = 903EA9101C38889B0086BBF4 /* PBXContainerItemProxy */;
			sourceTree = BUILT_PRODUCTS_DIR;
		};
		903EA9131C38889B0086BBF4 /* Charts.framework */ = {
			isa = PBXReferenceProxy;
			fileType = wrapper.framework;
			path = Charts.framework;
			remoteRef = 903EA9121C38889B0086BBF4 /* PBXContainerItemProxy */;
			sourceTree = BUILT_PRODUCTS_DIR;
		};
		903EA9151C38889B0086BBF4 /* ChartsTests.xctest */ = {
			isa = PBXReferenceProxy;
			fileType = wrapper.cfbundle;
			path = ChartsTests.xctest;
			remoteRef = 903EA9141C38889B0086BBF4 /* PBXContainerItemProxy */;
			sourceTree = BUILT_PRODUCTS_DIR;
		};
/* End PBXReferenceProxy section */

/* Begin PBXResourcesBuildPhase section */
		90A8F6241BF2B15D00356B56 /* Resources */ = {
			isa = PBXResourcesBuildPhase;
			buildActionMask = 2147483647;
			files = (
				90A8F6341BF2B15D00356B56 /* LaunchScreen.storyboard in Resources */,
				90A8F6311BF2B15D00356B56 /* Assets.xcassets in Resources */,
				90A8F62F1BF2B15D00356B56 /* Main.storyboard in Resources */,
			);
			runOnlyForDeploymentPostprocessing = 0;
		};
/* End PBXResourcesBuildPhase section */

/* Begin PBXSourcesBuildPhase section */
		90A8F6221BF2B15D00356B56 /* Sources */ = {
			isa = PBXSourcesBuildPhase;
			buildActionMask = 2147483647;
			files = (
				903EA91C1C388AD70086BBF4 /* MonthBarChartViewController.swift in Sources */,
				90A8F6461BF44B7D00356B56 /* HeadacheTabBarController.swift in Sources */,
				90D5D6491BF667520005B7D1 /* Week.swift in Sources */,
				90D5D64F1BF7BC370005B7D1 /* Month.swift in Sources */,
				903EA91E1C3C11090086BBF4 /* SeverityPieChartViewController.swift in Sources */,
				90A8F63C1BF2BCCC00356B56 /* HeadacheTableViewController.swift in Sources */,
				90D5D64B1BF6675A0005B7D1 /* Year.swift in Sources */,
				90A8F63E1BF2D59B00356B56 /* Headache.swift in Sources */,
				90A8F62A1BF2B15D00356B56 /* AppDelegate.swift in Sources */,
				90A8F6401BF2E0AE00356B56 /* HeadacheDetailTableViewController.swift in Sources */,
				90A8F6441BF3FEB900356B56 /* DataModel.swift in Sources */,
			);
			runOnlyForDeploymentPostprocessing = 0;
		};
/* End PBXSourcesBuildPhase section */

/* Begin PBXTargetDependency section */
		903EA9191C3888B70086BBF4 /* PBXTargetDependency */ = {
			isa = PBXTargetDependency;
			name = "Charts-iOS";
			targetProxy = 903EA9181C3888B70086BBF4 /* PBXContainerItemProxy */;
		};
/* End PBXTargetDependency section */

/* Begin PBXVariantGroup section */
		90A8F62D1BF2B15D00356B56 /* Main.storyboard */ = {
			isa = PBXVariantGroup;
			children = (
				90A8F62E1BF2B15D00356B56 /* Base */,
			);
			name = Main.storyboard;
			sourceTree = "<group>";
		};
		90A8F6321BF2B15D00356B56 /* LaunchScreen.storyboard */ = {
			isa = PBXVariantGroup;
			children = (
				90A8F6331BF2B15D00356B56 /* Base */,
			);
			name = LaunchScreen.storyboard;
			sourceTree = "<group>";
		};
/* End PBXVariantGroup section */

/* Begin XCBuildConfiguration section */
		90A8F6361BF2B15D00356B56 /* Debug */ = {
			isa = XCBuildConfiguration;
			buildSettings = {
				ALWAYS_SEARCH_USER_PATHS = NO;
				CLANG_CXX_LANGUAGE_STANDARD = "gnu++0x";
				CLANG_CXX_LIBRARY = "libc++";
				CLANG_ENABLE_MODULES = YES;
				CLANG_ENABLE_OBJC_ARC = YES;
				CLANG_WARN_BOOL_CONVERSION = YES;
				CLANG_WARN_CONSTANT_CONVERSION = YES;
				CLANG_WARN_DIRECT_OBJC_ISA_USAGE = YES_ERROR;
				CLANG_WARN_EMPTY_BODY = YES;
				CLANG_WARN_ENUM_CONVERSION = YES;
				CLANG_WARN_INT_CONVERSION = YES;
				CLANG_WARN_OBJC_ROOT_CLASS = YES_ERROR;
				CLANG_WARN_UNREACHABLE_CODE = YES;
				CLANG_WARN__DUPLICATE_METHOD_MATCH = YES;
				"CODE_SIGN_IDENTITY[sdk=iphoneos*]" = "iPhone Developer";
				COPY_PHASE_STRIP = NO;
				DEBUG_INFORMATION_FORMAT = dwarf;
				ENABLE_STRICT_OBJC_MSGSEND = YES;
				ENABLE_TESTABILITY = YES;
				GCC_C_LANGUAGE_STANDARD = gnu99;
				GCC_DYNAMIC_NO_PIC = NO;
				GCC_NO_COMMON_BLOCKS = YES;
				GCC_OPTIMIZATION_LEVEL = 0;
				GCC_PREPROCESSOR_DEFINITIONS = (
					"DEBUG=1",
					"$(inherited)",
				);
				GCC_WARN_64_TO_32_BIT_CONVERSION = YES;
				GCC_WARN_ABOUT_RETURN_TYPE = YES_ERROR;
				GCC_WARN_UNDECLARED_SELECTOR = YES;
				GCC_WARN_UNINITIALIZED_AUTOS = YES_AGGRESSIVE;
				GCC_WARN_UNUSED_FUNCTION = YES;
				GCC_WARN_UNUSED_VARIABLE = YES;
				IPHONEOS_DEPLOYMENT_TARGET = 9.1;
				MTL_ENABLE_DEBUG_INFO = YES;
				ONLY_ACTIVE_ARCH = YES;
				SDKROOT = iphoneos;
				SWIFT_OPTIMIZATION_LEVEL = "-Onone";
				TARGETED_DEVICE_FAMILY = "1,2";
			};
			name = Debug;
		};
		90A8F6371BF2B15D00356B56 /* Release */ = {
			isa = XCBuildConfiguration;
			buildSettings = {
				ALWAYS_SEARCH_USER_PATHS = NO;
				CLANG_CXX_LANGUAGE_STANDARD = "gnu++0x";
				CLANG_CXX_LIBRARY = "libc++";
				CLANG_ENABLE_MODULES = YES;
				CLANG_ENABLE_OBJC_ARC = YES;
				CLANG_WARN_BOOL_CONVERSION = YES;
				CLANG_WARN_CONSTANT_CONVERSION = YES;
				CLANG_WARN_DIRECT_OBJC_ISA_USAGE = YES_ERROR;
				CLANG_WARN_EMPTY_BODY = YES;
				CLANG_WARN_ENUM_CONVERSION = YES;
				CLANG_WARN_INT_CONVERSION = YES;
				CLANG_WARN_OBJC_ROOT_CLASS = YES_ERROR;
				CLANG_WARN_UNREACHABLE_CODE = YES;
				CLANG_WARN__DUPLICATE_METHOD_MATCH = YES;
				"CODE_SIGN_IDENTITY[sdk=iphoneos*]" = "iPhone Developer";
				COPY_PHASE_STRIP = NO;
				DEBUG_INFORMATION_FORMAT = "dwarf-with-dsym";
				ENABLE_NS_ASSERTIONS = NO;
				ENABLE_STRICT_OBJC_MSGSEND = YES;
				GCC_C_LANGUAGE_STANDARD = gnu99;
				GCC_NO_COMMON_BLOCKS = YES;
				GCC_WARN_64_TO_32_BIT_CONVERSION = YES;
				GCC_WARN_ABOUT_RETURN_TYPE = YES_ERROR;
				GCC_WARN_UNDECLARED_SELECTOR = YES;
				GCC_WARN_UNINITIALIZED_AUTOS = YES_AGGRESSIVE;
				GCC_WARN_UNUSED_FUNCTION = YES;
				GCC_WARN_UNUSED_VARIABLE = YES;
				IPHONEOS_DEPLOYMENT_TARGET = 9.1;
				MTL_ENABLE_DEBUG_INFO = NO;
				SDKROOT = iphoneos;
				TARGETED_DEVICE_FAMILY = "1,2";
				VALIDATE_PRODUCT = YES;
			};
			name = Release;
		};
		90A8F6391BF2B15D00356B56 /* Debug */ = {
			isa = XCBuildConfiguration;
			buildSettings = {
				ASSETCATALOG_COMPILER_APPICON_NAME = AppIcon;
				CODE_SIGN_ENTITLEMENTS = HeadacheTracker/HeadacheTracker.entitlements;
				CODE_SIGN_IDENTITY = "iPhone Developer";
				"CODE_SIGN_IDENTITY[sdk=iphoneos*]" = "iPhone Developer";
				EMBEDDED_CONTENT_CONTAINS_SWIFT = YES;
				INFOPLIST_FILE = HeadacheTracker/Info.plist;
				LD_RUNPATH_SEARCH_PATHS = "$(inherited) @executable_path/Frameworks";
				PRODUCT_BUNDLE_IDENTIFIER = com.morgandavison.Headaches;
				PRODUCT_NAME = "$(TARGET_NAME)";
				PROVISIONING_PROFILE = "";
			};
			name = Debug;
		};
		90A8F63A1BF2B15D00356B56 /* Release */ = {
			isa = XCBuildConfiguration;
			buildSettings = {
				ASSETCATALOG_COMPILER_APPICON_NAME = AppIcon;
				CODE_SIGN_ENTITLEMENTS = HeadacheTracker/HeadacheTracker.entitlements;
				CODE_SIGN_IDENTITY = "iPhone Developer";
				"CODE_SIGN_IDENTITY[sdk=iphoneos*]" = "iPhone Developer";
				EMBEDDED_CONTENT_CONTAINS_SWIFT = YES;
				INFOPLIST_FILE = HeadacheTracker/Info.plist;
				LD_RUNPATH_SEARCH_PATHS = "$(inherited) @executable_path/Frameworks";
				PRODUCT_BUNDLE_IDENTIFIER = com.morgandavison.Headaches;
				PRODUCT_NAME = "$(TARGET_NAME)";
				PROVISIONING_PROFILE = "";
			};
			name = Release;
		};
/* End XCBuildConfiguration section */

/* Begin XCConfigurationList section */
		90A8F6211BF2B15D00356B56 /* Build configuration list for PBXProject "HeadacheTracker" */ = {
			isa = XCConfigurationList;
			buildConfigurations = (
				90A8F6361BF2B15D00356B56 /* Debug */,
				90A8F6371BF2B15D00356B56 /* Release */,
			);
			defaultConfigurationIsVisible = 0;
			defaultConfigurationName = Release;
		};
		90A8F6381BF2B15D00356B56 /* Build configuration list for PBXNativeTarget "HeadacheTracker" */ = {
			isa = XCConfigurationList;
			buildConfigurations = (
				90A8F6391BF2B15D00356B56 /* Debug */,
				90A8F63A1BF2B15D00356B56 /* Release */,
			);
			defaultConfigurationIsVisible = 0;
			defaultConfigurationName = Release;
		};
/* End XCConfigurationList section */
	};
	rootObject = 90A8F61E1BF2B15D00356B56 /* Project object */;
}
