// !$*UTF8*$!
{
	archiveVersion = 1;
	classes = {
	};
	objectVersion = 46;
	objects = {

/* Begin PBXBuildFile section */
		90A8F62A1BF2B15D00356B56 /* AppDelegate.swift in Sources */ = {isa = PBXBuildFile; fileRef = 90A8F6291BF2B15D00356B56 /* AppDelegate.swift */; };
		90A8F62C1BF2B15D00356B56 /* ViewController.swift in Sources */ = {isa = PBXBuildFile; fileRef = 90A8F62B1BF2B15D00356B56 /* ViewController.swift */; };
		90A8F62F1BF2B15D00356B56 /* Main.storyboard in Resources */ = {isa = PBXBuildFile; fileRef = 90A8F62D1BF2B15D00356B56 /* Main.storyboard */; };
		90A8F6311BF2B15D00356B56 /* Assets.xcassets in Resources */ = {isa = PBXBuildFile; fileRef = 90A8F6301BF2B15D00356B56 /* Assets.xcassets */; };
		90A8F6341BF2B15D00356B56 /* LaunchScreen.storyboard in Resources */ = {isa = PBXBuildFile; fileRef = 90A8F6321BF2B15D00356B56 /* LaunchScreen.storyboard */; };
/* End PBXBuildFile section */

/* Begin PBXFileReference section */
		90A8F6261BF2B15D00356B56 /* HeadacheTracker.app */ = {isa = PBXFileReference; explicitFileType = wrapper.application; includeInIndex = 0; path = HeadacheTracker.app; sourceTree = BUILT_PRODUCTS_DIR; };
		90A8F6291BF2B15D00356B56 /* AppDelegate.swift */ = {isa = PBXFileReference; lastKnownFileType = sourcecode.swift; path = AppDelegate.swift; sourceTree = "<group>"; };
		90A8F62B1BF2B15D00356B56 /* ViewController.swift */ = {isa = PBXFileReference; lastKnownFileType = sourcecode.swift; path = ViewController.swift; sourceTree = "<group>"; };
		90A8F62E1BF2B15D00356B56 /* Base */ = {isa = PBXFileReference; lastKnownFileType = file.storyboard; name = Base; path = Base.lproj/Main.storyboard; sourceTree = "<group>"; };
		90A8F6301BF2B15D00356B56 /* Assets.xcassets */ = {isa = PBXFileReference; lastKnownFileType = folder.assetcatalog; path = Assets.xcassets; sourceTree = "<group>"; };
		90A8F6331BF2B15D00356B56 /* Base */ = {isa = PBXFileReference; lastKnownFileType = file.storyboard; name = Base; path = Base.lproj/LaunchScreen.storyboard; sourceTree = "<group>"; };
		90A8F6351BF2B15D00356B56 /* Info.plist */ = {isa = PBXFileReference; lastKnownFileType = text.plist.xml; path = Info.plist; sourceTree = "<group>"; };
/* End PBXFileReference section */

/* Begin PBXFrameworksBuildPhase section */
		90A8F6231BF2B15D00356B56 /* Frameworks */ = {
			isa = PBXFrameworksBuildPhase;
			buildActionMask = 2147483647;
			files = (
			);
			runOnlyForDeploymentPostprocessing = 0;
		};
/* End PBXFrameworksBuildPhase section */

/* Begin PBXGroup section */
		90A8F61D1BF2B15D00356B56 = {
			isa = PBXGroup;
			children = (
				90A8F6281BF2B15D00356B56 /* HeadacheTracker */,
				90A8F6271BF2B15D00356B56 /* Products */,
			);
			sourceTree = "<group>";
		};
		90A8F6271BF2B15D00356B56 /* Products */ = {
			isa = PBXGroup;
			children = (
				90A8F6261BF2B15D00356B56 /* HeadacheTracker.app */,
			);
			name = Products;
			sourceTree = "<group>";
		};
		90A8F6281BF2B15D00356B56 /* HeadacheTracker */ = {
			isa = PBXGroup;
			children = (
				90A8F6291BF2B15D00356B56 /* AppDelegate.swift */,
				90A8F62B1BF2B15D00356B56 /* ViewController.swift */,
				90A8F62D1BF2B15D00356B56 /* Main.storyboard */,
				90A8F6301BF2B15D00356B56 /* Assets.xcassets */,
				90A8F6321BF2B15D00356B56 /* LaunchScreen.storyboard */,
				90A8F6351BF2B15D00356B56 /* Info.plist */,
			);
			path = HeadacheTracker;
			sourceTree = "<group>";
		};
/* End PBXGroup section */

/* Begin PBXNativeTarget section */
		90A8F6251BF2B15D00356B56 /* HeadacheTracker */ = {
			isa = PBXNativeTarget;
			buildConfigurationList = 90A8F6381BF2B15D00356B56 /* Build configuration list for PBXNativeTarget "HeadacheTracker" */;
			buildPhases = (
				90A8F6221BF2B15D00356B56 /* Sources */,
				90A8F6231BF2B15D00356B56 /* Frameworks */,
				90A8F6241BF2B15D00356B56 /* Resources */,
			);
			buildRules = (
			);
			dependencies = (
			);
			name = HeadacheTracker;
			productName = HeadacheTracker;
			productReference = 90A8F6261BF2B15D00356B56 /* HeadacheTracker.app */;
			productType = "com.apple.product-type.application";
		};
/* End PBXNativeTarget section */

/* Begin PBXProject section */
		90A8F61E1BF2B15D00356B56 /* Project object */ = {
			isa = PBXProject;
			attributes = {
				LastSwiftUpdateCheck = 0710;
				LastUpgradeCheck = 0710;
				ORGANIZATIONNAME = "Morgan Davison";
				TargetAttributes = {
					90A8F6251BF2B15D00356B56 = {
						CreatedOnToolsVersion = 7.1;
						DevelopmentTeam = MTDN7L2Y29;
					};
				};
			};
			buildConfigurationList = 90A8F6211BF2B15D00356B56 /* Build configuration list for PBXProject "HeadacheTracker" */;
			compatibilityVersion = "Xcode 3.2";
			developmentRegion = English;
			hasScannedForEncodings = 0;
			knownRegions = (
				en,
				Base,
			);
			mainGroup = 90A8F61D1BF2B15D00356B56;
			productRefGroup = 90A8F6271BF2B15D00356B56 /* Products */;
			projectDirPath = "";
			projectRoot = "";
			targets = (
				90A8F6251BF2B15D00356B56 /* HeadacheTracker */,
			);
		};
/* End PBXProject section */

/* Begin PBXResourcesBuildPhase section */
		90A8F6241BF2B15D00356B56 /* Resources */ = {
			isa = PBXResourcesBuildPhase;
			buildActionMask = 2147483647;
			files = (
				90A8F6341BF2B15D00356B56 /* LaunchScreen.storyboard in Resources */,
				90A8F6311BF2B15D00356B56 /* Assets.xcassets in Resources */,
				90A8F62F1BF2B15D00356B56 /* Main.storyboard in Resources */,
			);
			runOnlyForDeploymentPostprocessing = 0;
		};
/* End PBXResourcesBuildPhase section */

/* Begin PBXSourcesBuildPhase section */
		90A8F6221BF2B15D00356B56 /* Sources */ = {
			isa = PBXSourcesBuildPhase;
			buildActionMask = 2147483647;
			files = (
				90A8F62C1BF2B15D00356B56 /* ViewController.swift in Sources */,
				90A8F62A1BF2B15D00356B56 /* AppDelegate.swift in Sources */,
			);
			runOnlyForDeploymentPostprocessing = 0;
		};
/* End PBXSourcesBuildPhase section */

/* Begin PBXVariantGroup section */
		90A8F62D1BF2B15D00356B56 /* Main.storyboard */ = {
			isa = PBXVariantGroup;
			children = (
				90A8F62E1BF2B15D00356B56 /* Base */,
			);
			name = Main.storyboard;
			sourceTree = "<group>";
		};
		90A8F6321BF2B15D00356B56 /* LaunchScreen.storyboard */ = {
			isa = PBXVariantGroup;
			children = (
				90A8F6331BF2B15D00356B56 /* Base */,
			);
			name = LaunchScreen.storyboard;
			sourceTree = "<group>";
		};
/* End PBXVariantGroup section */

/* Begin XCBuildConfiguration section */
		90A8F6361BF2B15D00356B56 /* Debug */ = {
			isa = XCBuildConfiguration;
			buildSettings = {
				ALWAYS_SEARCH_USER_PATHS = NO;
				CLANG_CXX_LANGUAGE_STANDARD = "gnu++0x";
				CLANG_CXX_LIBRARY = "libc++";
				CLANG_ENABLE_MODULES = YES;
				CLANG_ENABLE_OBJC_ARC = YES;
				CLANG_WARN_BOOL_CONVERSION = YES;
				CLANG_WARN_CONSTANT_CONVERSION = YES;
				CLANG_WARN_DIRECT_OBJC_ISA_USAGE = YES_ERROR;
				CLANG_WARN_EMPTY_BODY = YES;
				CLANG_WARN_ENUM_CONVERSION = YES;
				CLANG_WARN_INT_CONVERSION = YES;
				CLANG_WARN_OBJC_ROOT_CLASS = YES_ERROR;
				CLANG_WARN_UNREACHABLE_CODE = YES;
				CLANG_WARN__DUPLICATE_METHOD_MATCH = YES;
				"CODE_SIGN_IDENTITY[sdk=iphoneos*]" = "iPhone Developer";
				COPY_PHASE_STRIP = NO;
				DEBUG_INFORMATION_FORMAT = dwarf;
				ENABLE_STRICT_OBJC_MSGSEND = YES;
				ENABLE_TESTABILITY = YES;
				GCC_C_LANGUAGE_STANDARD = gnu99;
				GCC_DYNAMIC_NO_PIC = NO;
				GCC_NO_COMMON_BLOCKS = YES;
				GCC_OPTIMIZATION_LEVEL = 0;
				GCC_PREPROCESSOR_DEFINITIONS = (
					"DEBUG=1",
					"$(inherited)",
				);
				GCC_WARN_64_TO_32_BIT_CONVERSION = YES;
				GCC_WARN_ABOUT_RETURN_TYPE = YES_ERROR;
				GCC_WARN_UNDECLARED_SELECTOR = YES;
				GCC_WARN_UNINITIALIZED_AUTOS = YES_AGGRESSIVE;
				GCC_WARN_UNUSED_FUNCTION = YES;
				GCC_WARN_UNUSED_VARIABLE = YES;
				IPHONEOS_DEPLOYMENT_TARGET = 9.1;
				MTL_ENABLE_DEBUG_INFO = YES;
				ONLY_ACTIVE_ARCH = YES;
				SDKROOT = iphoneos;
				SWIFT_OPTIMIZATION_LEVEL = "-Onone";
				TARGETED_DEVICE_FAMILY = "1,2";
			};
			name = Debug;
		};
		90A8F6371BF2B15D00356B56 /* Release */ = {
			isa = XCBuildConfiguration;
			buildSettings = {
				ALWAYS_SEARCH_USER_PATHS = NO;
				CLANG_CXX_LANGUAGE_STANDARD = "gnu++0x";
				CLANG_CXX_LIBRARY = "libc++";
				CLANG_ENABLE_MODULES = YES;
				CLANG_ENABLE_OBJC_ARC = YES;
				CLANG_WARN_BOOL_CONVERSION = YES;
				CLANG_WARN_CONSTANT_CONVERSION = YES;
				CLANG_WARN_DIRECT_OBJC_ISA_USAGE = YES_ERROR;
				CLANG_WARN_EMPTY_BODY = YES;
				CLANG_WARN_ENUM_CONVERSION = YES;
				CLANG_WARN_INT_CONVERSION = YES;
				CLANG_WARN_OBJC_ROOT_CLASS = YES_ERROR;
				CLANG_WARN_UNREACHABLE_CODE = YES;
				CLANG_WARN__DUPLICATE_METHOD_MATCH = YES;
				"CODE_SIGN_IDENTITY[sdk=iphoneos*]" = "iPhone Developer";
				COPY_PHASE_STRIP = NO;
				DEBUG_INFORMATION_FORMAT = "dwarf-with-dsym";
				ENABLE_NS_ASSERTIONS = NO;
				ENABLE_STRICT_OBJC_MSGSEND = YES;
				GCC_C_LANGUAGE_STANDARD = gnu99;
				GCC_NO_COMMON_BLOCKS = YES;
				GCC_WARN_64_TO_32_BIT_CONVERSION = YES;
				GCC_WARN_ABOUT_RETURN_TYPE = YES_ERROR;
				GCC_WARN_UNDECLARED_SELECTOR = YES;
				GCC_WARN_UNINITIALIZED_AUTOS = YES_AGGRESSIVE;
				GCC_WARN_UNUSED_FUNCTION = YES;
				GCC_WARN_UNUSED_VARIABLE = YES;
				IPHONEOS_DEPLOYMENT_TARGET = 9.1;
				MTL_ENABLE_DEBUG_INFO = NO;
				SDKROOT = iphoneos;
				TARGETED_DEVICE_FAMILY = "1,2";
				VALIDATE_PRODUCT = YES;
			};
			name = Release;
		};
		90A8F6391BF2B15D00356B56 /* Debug */ = {
			isa = XCBuildConfiguration;
			buildSettings = {
				ASSETCATALOG_COMPILER_APPICON_NAME = AppIcon;
				INFOPLIST_FILE = HeadacheTracker/Info.plist;
				LD_RUNPATH_SEARCH_PATHS = "$(inherited) @executable_path/Frameworks";
				PRODUCT_BUNDLE_IDENTIFIER = com.morgandavison.HeadacheTracker;
				PRODUCT_NAME = "$(TARGET_NAME)";
			};
			name = Debug;
		};
		90A8F63A1BF2B15D00356B56 /* Release */ = {
			isa = XCBuildConfiguration;
			buildSettings = {
				ASSETCATALOG_COMPILER_APPICON_NAME = AppIcon;
				INFOPLIST_FILE = HeadacheTracker/Info.plist;
				LD_RUNPATH_SEARCH_PATHS = "$(inherited) @executable_path/Frameworks";
				PRODUCT_BUNDLE_IDENTIFIER = com.morgandavison.HeadacheTracker;
				PRODUCT_NAME = "$(TARGET_NAME)";
			};
			name = Release;
		};
/* End XCBuildConfiguration section */

/* Begin XCConfigurationList section */
		90A8F6211BF2B15D00356B56 /* Build configuration list for PBXProject "HeadacheTracker" */ = {
			isa = XCConfigurationList;
			buildConfigurations = (
				90A8F6361BF2B15D00356B56 /* Debug */,
				90A8F6371BF2B15D00356B56 /* Release */,
			);
			defaultConfigurationIsVisible = 0;
			defaultConfigurationName = Release;
		};
		90A8F6381BF2B15D00356B56 /* Build configuration list for PBXNativeTarget "HeadacheTracker" */ = {
			isa = XCConfigurationList;
			buildConfigurations = (
				90A8F6391BF2B15D00356B56 /* Debug */,
				90A8F63A1BF2B15D00356B56 /* Release */,
			);
			defaultConfigurationIsVisible = 0;
		};
/* End XCConfigurationList section */
	};
	rootObject = 90A8F61E1BF2B15D00356B56 /* Project object */;
}
